uuid: 6c0f42e6-2431-42cc-8947-ee066e69d916
langcode: et
status: true
dependencies:
  module:
    - harno_settings
  theme:
    - harno_theme
id: footersocialmediaiconsblock
theme: harno_theme
region: footer
weight: -7
provider: null
plugin: harno_footer_social
settings:
  id: harno_footer_social
  label: 'Footer Social Media Icons Block'
  label_display: visible
  provider: harno_settings
visibility: {  }
