uuid: 1b69bf70-c2d7-4c73-b6e5-bd47de96b627
langcode: et
status: true
dependencies:
  module:
    - harno_settings
  theme:
    - harno_theme
id: footertermsofserviceblock
theme: harno_theme
region: footer
weight: -4
provider: null
plugin: harno_footer_terms_of_service_block
settings:
  id: harno_footer_terms_of_service_block
  label: 'Footer Terms of Service Block'
  label_display: visible
  provider: harno_settings
visibility: {  }
