uuid: aa3d625c-a0c0-4eb2-849f-96c4c09b1ab2
langcode: et
status: true
dependencies:
  config:
    - paragraphs.paragraphs_type.text_block
  module:
    - content_translation
third_party_settings:
  content_translation:
    enabled: true
    bundle_settings:
      untranslatable_fields_hide: '1'
id: paragraph.text_block
target_entity_type_id: paragraph
target_bundle: text_block
default_langcode: current_interface
language_alterable: true
